// !$*UTF8*$!
{
	archiveVersion = 1;
	classes = {
	};
	objectVersion = 55;
	objects = {

/* Begin PBXBuildFile section */
		EC523E1D27E83DD20022D688 /* DrinkCollectionViewCell.swift in Sources */ = {isa = PBXBuildFile; fileRef = EC523E1C27E83DD20022D688 /* DrinkCollectionViewCell.swift */; };
		EC523E1F27E846750022D688 /* BannerCell.swift in Sources */ = {isa = PBXBuildFile; fileRef = EC523E1E27E846750022D688 /* BannerCell.swift */; };
		EC523E2527E84BE50022D688 /* second.png in Resources */ = {isa = PBXBuildFile; fileRef = EC523E2227E84BE50022D688 /* second.png */; };
		EC523E2627E84BE50022D688 /* third.png in Resources */ = {isa = PBXBuildFile; fileRef = EC523E2327E84BE50022D688 /* third.png */; };
		EC523E2727E84BE50022D688 /* first.png in Resources */ = {isa = PBXBuildFile; fileRef = EC523E2427E84BE50022D688 /* first.png */; };
		EC523E3427E94C3F0022D688 /* candy.png in Resources */ = {isa = PBXBuildFile; fileRef = EC523E2927E94C3F0022D688 /* candy.png */; };
		EC523E3527E94C3F0022D688 /* cookie.png in Resources */ = {isa = PBXBuildFile; fileRef = EC523E2A27E94C3F0022D688 /* cookie.png */; };
		EC523E3627E94C3F0022D688 /* potatos.png in Resources */ = {isa = PBXBuildFile; fileRef = EC523E2B27E94C3F0022D688 /* potatos.png */; };
		EC523E3727E94C3F0022D688 /* muffin.png in Resources */ = {isa = PBXBuildFile; fileRef = EC523E2C27E94C3F0022D688 /* muffin.png */; };
		EC523E3827E94C3F0022D688 /* chocolate.png in Resources */ = {isa = PBXBuildFile; fileRef = EC523E2D27E94C3F0022D688 /* chocolate.png */; };
		EC523E3927E94C3F0022D688 /* coffie.png in Resources */ = {isa = PBXBuildFile; fileRef = EC523E2F27E94C3F0022D688 /* coffie.png */; };
		EC523E3A27E94C3F0022D688 /* soda.png in Resources */ = {isa = PBXBuildFile; fileRef = EC523E3027E94C3F0022D688 /* soda.png */; };
		EC523E3B27E94C3F0022D688 /* orange.png in Resources */ = {isa = PBXBuildFile; fileRef = EC523E3127E94C3F0022D688 /* orange.png */; };
		EC523E3C27E94C3F0022D688 /* lemonade.png in Resources */ = {isa = PBXBuildFile; fileRef = EC523E3227E94C3F0022D688 /* lemonade.png */; };
		EC523E3D27E94C3F0022D688 /* coke.png in Resources */ = {isa = PBXBuildFile; fileRef = EC523E3327E94C3F0022D688 /* coke.png */; };
		EC523E4227EA98DE0022D688 /* RequestViewController.swift in Sources */ = {isa = PBXBuildFile; fileRef = EC523E4127EA98DE0022D688 /* RequestViewController.swift */; };
		EC523E4427EAC56D0022D688 /* mukbo.png in Resources */ = {isa = PBXBuildFile; fileRef = EC523E4327EAC56D0022D688 /* mukbo.png */; };
		EC523E4727EAFE650022D688 /* SignViewController.swift in Sources */ = {isa = PBXBuildFile; fileRef = EC523E4627EAFE650022D688 /* SignViewController.swift */; };
		EC523E4927EB28F90022D688 /* DetailsViewController.swift in Sources */ = {isa = PBXBuildFile; fileRef = EC523E4827EB28F90022D688 /* DetailsViewController.swift */; };
		EC523E4C27EB29D70022D688 /* Model.xcdatamodeld in Sources */ = {isa = PBXBuildFile; fileRef = EC523E4A27EB29D70022D688 /* Model.xcdatamodeld */; };
		EC523E5027EB2DE10022D688 /* Foods+CoreDataClass.swift in Sources */ = {isa = PBXBuildFile; fileRef = EC523E4E27EB2DE10022D688 /* Foods+CoreDataClass.swift */; };
		EC523E5127EB2DE10022D688 /* Foods+CoreDataProperties.swift in Sources */ = {isa = PBXBuildFile; fileRef = EC523E4F27EB2DE10022D688 /* Foods+CoreDataProperties.swift */; };
		ECD37B9427E2C3E8003DBD77 /* AppDelegate.swift in Sources */ = {isa = PBXBuildFile; fileRef = ECD37B9327E2C3E8003DBD77 /* AppDelegate.swift */; };
		ECD37B9627E2C3E8003DBD77 /* SceneDelegate.swift in Sources */ = {isa = PBXBuildFile; fileRef = ECD37B9527E2C3E8003DBD77 /* SceneDelegate.swift */; };
		ECD37B9827E2C3E8003DBD77 /* ViewController.swift in Sources */ = {isa = PBXBuildFile; fileRef = ECD37B9727E2C3E8003DBD77 /* ViewController.swift */; };
		ECD37B9B27E2C3E8003DBD77 /* Main.storyboard in Resources */ = {isa = PBXBuildFile; fileRef = ECD37B9927E2C3E8003DBD77 /* Main.storyboard */; };
		ECD37B9D27E2C3EA003DBD77 /* Assets.xcassets in Resources */ = {isa = PBXBuildFile; fileRef = ECD37B9C27E2C3EA003DBD77 /* Assets.xcassets */; };
		ECD37BA027E2C3EA003DBD77 /* LaunchScreen.storyboard in Resources */ = {isa = PBXBuildFile; fileRef = ECD37B9E27E2C3EA003DBD77 /* LaunchScreen.storyboard */; };
		ECD37BAB27E2F1C5003DBD77 /* ListsViewController.swift in Sources */ = {isa = PBXBuildFile; fileRef = ECD37BAA27E2F1C5003DBD77 /* ListsViewController.swift */; };
		ECD37BAD27E2F78B003DBD77 /* ListsTableViewCell.swift in Sources */ = {isa = PBXBuildFile; fileRef = ECD37BAC27E2F78B003DBD77 /* ListsTableViewCell.swift */; };
		ECD37BAE27E2FC49003DBD77 /* LeeSeoyun.otf in Resources */ = {isa = PBXBuildFile; fileRef = ECD37BA827E2C44C003DBD77 /* LeeSeoyun.otf */; };
		ECD37BB327E30B5D003DBD77 /* SnackCollectionViewCell.swift in Sources */ = {isa = PBXBuildFile; fileRef = ECD37BB227E30B5D003DBD77 /* SnackCollectionViewCell.swift */; };
/* End PBXBuildFile section */

/* Begin PBXFileReference section */
		EC523E1C27E83DD20022D688 /* DrinkCollectionViewCell.swift */ = {isa = PBXFileReference; lastKnownFileType = sourcecode.swift; path = DrinkCollectionViewCell.swift; sourceTree = "<group>"; };
		EC523E1E27E846750022D688 /* BannerCell.swift */ = {isa = PBXFileReference; lastKnownFileType = sourcecode.swift; path = BannerCell.swift; sourceTree = "<group>"; };
		EC523E2227E84BE50022D688 /* second.png */ = {isa = PBXFileReference; lastKnownFileType = image.png; path = second.png; sourceTree = "<group>"; };
		EC523E2327E84BE50022D688 /* third.png */ = {isa = PBXFileReference; lastKnownFileType = image.png; path = third.png; sourceTree = "<group>"; };
		EC523E2427E84BE50022D688 /* first.png */ = {isa = PBXFileReference; lastKnownFileType = image.png; path = first.png; sourceTree = "<group>"; };
		EC523E2927E94C3F0022D688 /* candy.png */ = {isa = PBXFileReference; lastKnownFileType = image.png; path = candy.png; sourceTree = "<group>"; };
		EC523E2A27E94C3F0022D688 /* cookie.png */ = {isa = PBXFileReference; lastKnownFileType = image.png; path = cookie.png; sourceTree = "<group>"; };
		EC523E2B27E94C3F0022D688 /* potatos.png */ = {isa = PBXFileReference; lastKnownFileType = image.png; path = potatos.png; sourceTree = "<group>"; };
		EC523E2C27E94C3F0022D688 /* muffin.png */ = {isa = PBXFileReference; lastKnownFileType = image.png; path = muffin.png; sourceTree = "<group>"; };
		EC523E2D27E94C3F0022D688 /* chocolate.png */ = {isa = PBXFileReference; lastKnownFileType = image.png; path = chocolate.png; sourceTree = "<group>"; };
		EC523E2F27E94C3F0022D688 /* coffie.png */ = {isa = PBXFileReference; lastKnownFileType = image.png; path = coffie.png; sourceTree = "<group>"; };
		EC523E3027E94C3F0022D688 /* soda.png */ = {isa = PBXFileReference; lastKnownFileType = image.png; path = soda.png; sourceTree = "<group>"; };
		EC523E3127E94C3F0022D688 /* orange.png */ = {isa = PBXFileReference; lastKnownFileType = image.png; path = orange.png; sourceTree = "<group>"; };
		EC523E3227E94C3F0022D688 /* lemonade.png */ = {isa = PBXFileReference; lastKnownFileType = image.png; path = lemonade.png; sourceTree = "<group>"; };
		EC523E3327E94C3F0022D688 /* coke.png */ = {isa = PBXFileReference; lastKnownFileType = image.png; path = coke.png; sourceTree = "<group>"; };
		EC523E4127EA98DE0022D688 /* RequestViewController.swift */ = {isa = PBXFileReference; lastKnownFileType = sourcecode.swift; path = RequestViewController.swift; sourceTree = "<group>"; };
		EC523E4327EAC56D0022D688 /* mukbo.png */ = {isa = PBXFileReference; lastKnownFileType = image.png; path = mukbo.png; sourceTree = "<group>"; };
		EC523E4627EAFE650022D688 /* SignViewController.swift */ = {isa = PBXFileReference; lastKnownFileType = sourcecode.swift; path = SignViewController.swift; sourceTree = "<group>"; };
		EC523E4827EB28F90022D688 /* DetailsViewController.swift */ = {isa = PBXFileReference; lastKnownFileType = sourcecode.swift; path = DetailsViewController.swift; sourceTree = "<group>"; };
		EC523E4B27EB29D70022D688 /* Model.xcdatamodel */ = {isa = PBXFileReference; lastKnownFileType = wrapper.xcdatamodel; path = Model.xcdatamodel; sourceTree = "<group>"; };
		EC523E4E27EB2DE10022D688 /* Foods+CoreDataClass.swift */ = {isa = PBXFileReference; lastKnownFileType = sourcecode.swift; name = "Foods+CoreDataClass.swift"; path = "fontable/Extension/Foods+CoreDataClass.swift"; sourceTree = "<group>"; };
		EC523E4F27EB2DE10022D688 /* Foods+CoreDataProperties.swift */ = {isa = PBXFileReference; lastKnownFileType = sourcecode.swift; name = "Foods+CoreDataProperties.swift"; path = "fontable/Extension/Foods+CoreDataProperties.swift"; sourceTree = "<group>"; };
		ECD37B9027E2C3E8003DBD77 /* fontable.app */ = {isa = PBXFileReference; explicitFileType = wrapper.application; includeInIndex = 0; path = fontable.app; sourceTree = BUILT_PRODUCTS_DIR; };
		ECD37B9327E2C3E8003DBD77 /* AppDelegate.swift */ = {isa = PBXFileReference; lastKnownFileType = sourcecode.swift; path = AppDelegate.swift; sourceTree = "<group>"; };
		ECD37B9527E2C3E8003DBD77 /* SceneDelegate.swift */ = {isa = PBXFileReference; lastKnownFileType = sourcecode.swift; path = SceneDelegate.swift; sourceTree = "<group>"; };
		ECD37B9727E2C3E8003DBD77 /* ViewController.swift */ = {isa = PBXFileReference; lastKnownFileType = sourcecode.swift; path = ViewController.swift; sourceTree = "<group>"; };
		ECD37B9A27E2C3E8003DBD77 /* Base */ = {isa = PBXFileReference; lastKnownFileType = file.storyboard; name = Base; path = Base.lproj/Main.storyboard; sourceTree = "<group>"; };
		ECD37B9C27E2C3EA003DBD77 /* Assets.xcassets */ = {isa = PBXFileReference; lastKnownFileType = folder.assetcatalog; path = Assets.xcassets; sourceTree = "<group>"; };
		ECD37B9F27E2C3EA003DBD77 /* Base */ = {isa = PBXFileReference; lastKnownFileType = file.storyboard; name = Base; path = Base.lproj/LaunchScreen.storyboard; sourceTree = "<group>"; };
		ECD37BA127E2C3EA003DBD77 /* Info.plist */ = {isa = PBXFileReference; lastKnownFileType = text.plist.xml; path = Info.plist; sourceTree = "<group>"; };
		ECD37BA827E2C44C003DBD77 /* LeeSeoyun.otf */ = {isa = PBXFileReference; lastKnownFileType = file; path = LeeSeoyun.otf; sourceTree = "<group>"; };
		ECD37BAA27E2F1C5003DBD77 /* ListsViewController.swift */ = {isa = PBXFileReference; lastKnownFileType = sourcecode.swift; path = ListsViewController.swift; sourceTree = "<group>"; };
		ECD37BAC27E2F78B003DBD77 /* ListsTableViewCell.swift */ = {isa = PBXFileReference; lastKnownFileType = sourcecode.swift; path = ListsTableViewCell.swift; sourceTree = "<group>"; };
		ECD37BB227E30B5D003DBD77 /* SnackCollectionViewCell.swift */ = {isa = PBXFileReference; lastKnownFileType = sourcecode.swift; path = SnackCollectionViewCell.swift; sourceTree = "<group>"; };
/* End PBXFileReference section */

/* Begin PBXFrameworksBuildPhase section */
		ECD37B8D27E2C3E8003DBD77 /* Frameworks */ = {
			isa = PBXFrameworksBuildPhase;
			buildActionMask = 2147483647;
			files = (
			);
			runOnlyForDeploymentPostprocessing = 0;
		};
/* End PBXFrameworksBuildPhase section */

/* Begin PBXGroup section */
		EC523E2127E84BD50022D688 /* Banners */ = {
			isa = PBXGroup;
			children = (
				EC523E4327EAC56D0022D688 /* mukbo.png */,
				EC523E2E27E94C3F0022D688 /* drinks */,
				EC523E2827E94C3F0022D688 /* snacks */,
				EC523E2427E84BE50022D688 /* first.png */,
				EC523E2227E84BE50022D688 /* second.png */,
				EC523E2327E84BE50022D688 /* third.png */,
			);
			path = Banners;
			sourceTree = "<group>";
		};
		EC523E2827E94C3F0022D688 /* snacks */ = {
			isa = PBXGroup;
			children = (
				EC523E2927E94C3F0022D688 /* candy.png */,
				EC523E2A27E94C3F0022D688 /* cookie.png */,
				EC523E2B27E94C3F0022D688 /* potatos.png */,
				EC523E2C27E94C3F0022D688 /* muffin.png */,
				EC523E2D27E94C3F0022D688 /* chocolate.png */,
			);
			path = snacks;
			sourceTree = "<group>";
		};
		EC523E2E27E94C3F0022D688 /* drinks */ = {
			isa = PBXGroup;
			children = (
				EC523E2F27E94C3F0022D688 /* coffie.png */,
				EC523E3027E94C3F0022D688 /* soda.png */,
				EC523E3127E94C3F0022D688 /* orange.png */,
				EC523E3227E94C3F0022D688 /* lemonade.png */,
				EC523E3327E94C3F0022D688 /* coke.png */,
			);
			path = drinks;
			sourceTree = "<group>";
		};
		EC523E3E27EA98650022D688 /* Popup */ = {
			isa = PBXGroup;
			children = (
				EC523E4127EA98DE0022D688 /* RequestViewController.swift */,
			);
			path = Popup;
			sourceTree = "<group>";
		};
		EC523E4527EAFE400022D688 /* Mypage */ = {
			isa = PBXGroup;
			children = (
				EC523E4627EAFE650022D688 /* SignViewController.swift */,
			);
			path = Mypage;
			sourceTree = "<group>";
		};
		ECD37B8727E2C3E8003DBD77 = {
			isa = PBXGroup;
			children = (
				EC523E4E27EB2DE10022D688 /* Foods+CoreDataClass.swift */,
				EC523E4F27EB2DE10022D688 /* Foods+CoreDataProperties.swift */,
				ECD37B9227E2C3E8003DBD77 /* fontable */,
				ECD37B9127E2C3E8003DBD77 /* Products */,
			);
			sourceTree = "<group>";
		};
		ECD37B9127E2C3E8003DBD77 /* Products */ = {
			isa = PBXGroup;
			children = (
				ECD37B9027E2C3E8003DBD77 /* fontable.app */,
			);
			name = Products;
			sourceTree = "<group>";
		};
		ECD37B9227E2C3E8003DBD77 /* fontable */ = {
			isa = PBXGroup;
			children = (
				EC523E2127E84BD50022D688 /* Banners */,
				ECD37BA727E2C43F003DBD77 /* Fonts */,
				ECD37BA927E2F198003DBD77 /* View */,
				ECD37B9327E2C3E8003DBD77 /* AppDelegate.swift */,
				ECD37B9527E2C3E8003DBD77 /* SceneDelegate.swift */,
				ECD37B9C27E2C3EA003DBD77 /* Assets.xcassets */,
				ECD37B9E27E2C3EA003DBD77 /* LaunchScreen.storyboard */,
				EC523E4A27EB29D70022D688 /* Model.xcdatamodeld */,
				ECD37BA127E2C3EA003DBD77 /* Info.plist */,
			);
			path = fontable;
			sourceTree = "<group>";
		};
		ECD37BA727E2C43F003DBD77 /* Fonts */ = {
			isa = PBXGroup;
			children = (
				ECD37BA827E2C44C003DBD77 /* LeeSeoyun.otf */,
			);
			path = Fonts;
			sourceTree = "<group>";
		};
		ECD37BA927E2F198003DBD77 /* View */ = {
			isa = PBXGroup;
			children = (
				ECD37B9927E2C3E8003DBD77 /* Main.storyboard */,
				ECD37BB027E30762003DBD77 /* Snack */,
				ECD37BB127E3077A003DBD77 /* WantList */,
				EC523E4527EAFE400022D688 /* Mypage */,
				EC523E3E27EA98650022D688 /* Popup */,
			);
			path = View;
			sourceTree = "<group>";
		};
		ECD37BB027E30762003DBD77 /* Snack */ = {
			isa = PBXGroup;
			children = (
				ECD37B9727E2C3E8003DBD77 /* ViewController.swift */,
				ECD37BB227E30B5D003DBD77 /* SnackCollectionViewCell.swift */,
				EC523E1C27E83DD20022D688 /* DrinkCollectionViewCell.swift */,
				EC523E1E27E846750022D688 /* BannerCell.swift */,
			);
			path = Snack;
			sourceTree = "<group>";
		};
		ECD37BB127E3077A003DBD77 /* WantList */ = {
			isa = PBXGroup;
			children = (
				ECD37BAA27E2F1C5003DBD77 /* ListsViewController.swift */,
				ECD37BAC27E2F78B003DBD77 /* ListsTableViewCell.swift */,
				EC523E4827EB28F90022D688 /* DetailsViewController.swift */,
			);
			path = WantList;
			sourceTree = "<group>";
		};
/* End PBXGroup section */

/* Begin PBXNativeTarget section */
		ECD37B8F27E2C3E8003DBD77 /* fontable */ = {
			isa = PBXNativeTarget;
			buildConfigurationList = ECD37BA427E2C3EA003DBD77 /* Build configuration list for PBXNativeTarget "fontable" */;
			buildPhases = (
				ECD37B8C27E2C3E8003DBD77 /* Sources */,
				ECD37B8D27E2C3E8003DBD77 /* Frameworks */,
				ECD37B8E27E2C3E8003DBD77 /* Resources */,
			);
			buildRules = (
			);
			dependencies = (
			);
			name = fontable;
			productName = fontable;
			productReference = ECD37B9027E2C3E8003DBD77 /* fontable.app */;
			productType = "com.apple.product-type.application";
		};
/* End PBXNativeTarget section */

/* Begin PBXProject section */
		ECD37B8827E2C3E8003DBD77 /* Project object */ = {
			isa = PBXProject;
			attributes = {
				BuildIndependentTargetsInParallel = 1;
				LastSwiftUpdateCheck = 1310;
				LastUpgradeCheck = 1310;
				TargetAttributes = {
					ECD37B8F27E2C3E8003DBD77 = {
						CreatedOnToolsVersion = 13.1;
					};
				};
			};
			buildConfigurationList = ECD37B8B27E2C3E8003DBD77 /* Build configuration list for PBXProject "fontable" */;
			compatibilityVersion = "Xcode 13.0";
			developmentRegion = en;
			hasScannedForEncodings = 0;
			knownRegions = (
				en,
				Base,
			);
			mainGroup = ECD37B8727E2C3E8003DBD77;
			productRefGroup = ECD37B9127E2C3E8003DBD77 /* Products */;
			projectDirPath = "";
			projectRoot = "";
			targets = (
				ECD37B8F27E2C3E8003DBD77 /* fontable */,
			);
		};
/* End PBXProject section */

/* Begin PBXResourcesBuildPhase section */
		ECD37B8E27E2C3E8003DBD77 /* Resources */ = {
			isa = PBXResourcesBuildPhase;
			buildActionMask = 2147483647;
			files = (
				EC523E3A27E94C3F0022D688 /* soda.png in Resources */,
				EC523E3627E94C3F0022D688 /* potatos.png in Resources */,
				EC523E4427EAC56D0022D688 /* mukbo.png in Resources */,
				ECD37BA027E2C3EA003DBD77 /* LaunchScreen.storyboard in Resources */,
				EC523E3827E94C3F0022D688 /* chocolate.png in Resources */,
				EC523E3C27E94C3F0022D688 /* lemonade.png in Resources */,
				ECD37BAE27E2FC49003DBD77 /* LeeSeoyun.otf in Resources */,
				EC523E2727E84BE50022D688 /* first.png in Resources */,
				EC523E3427E94C3F0022D688 /* candy.png in Resources */,
				ECD37B9D27E2C3EA003DBD77 /* Assets.xcassets in Resources */,
				EC523E3B27E94C3F0022D688 /* orange.png in Resources */,
				ECD37B9B27E2C3E8003DBD77 /* Main.storyboard in Resources */,
				EC523E3727E94C3F0022D688 /* muffin.png in Resources */,
				EC523E3D27E94C3F0022D688 /* coke.png in Resources */,
				EC523E2527E84BE50022D688 /* second.png in Resources */,
				EC523E3527E94C3F0022D688 /* cookie.png in Resources */,
				EC523E3927E94C3F0022D688 /* coffie.png in Resources */,
				EC523E2627E84BE50022D688 /* third.png in Resources */,
			);
			runOnlyForDeploymentPostprocessing = 0;
		};
/* End PBXResourcesBuildPhase section */

/* Begin PBXSourcesBuildPhase section */
		ECD37B8C27E2C3E8003DBD77 /* Sources */ = {
			isa = PBXSourcesBuildPhase;
			buildActionMask = 2147483647;
			files = (
				ECD37B9827E2C3E8003DBD77 /* ViewController.swift in Sources */,
				EC523E4227EA98DE0022D688 /* RequestViewController.swift in Sources */,
				EC523E1F27E846750022D688 /* BannerCell.swift in Sources */,
				EC523E4927EB28F90022D688 /* DetailsViewController.swift in Sources */,
				ECD37BB327E30B5D003DBD77 /* SnackCollectionViewCell.swift in Sources */,
				EC523E5127EB2DE10022D688 /* Foods+CoreDataProperties.swift in Sources */,
				EC523E1D27E83DD20022D688 /* DrinkCollectionViewCell.swift in Sources */,
				ECD37BAD27E2F78B003DBD77 /* ListsTableViewCell.swift in Sources */,
				ECD37B9427E2C3E8003DBD77 /* AppDelegate.swift in Sources */,
				EC523E4727EAFE650022D688 /* SignViewController.swift in Sources */,
				ECD37BAB27E2F1C5003DBD77 /* ListsViewController.swift in Sources */,
				ECD37B9627E2C3E8003DBD77 /* SceneDelegate.swift in Sources */,
				EC523E5027EB2DE10022D688 /* Foods+CoreDataClass.swift in Sources */,
				EC523E4C27EB29D70022D688 /* Model.xcdatamodeld in Sources */,
			);
			runOnlyForDeploymentPostprocessing = 0;
		};
/* End PBXSourcesBuildPhase section */

/* Begin PBXVariantGroup section */
		ECD37B9927E2C3E8003DBD77 /* Main.storyboard */ = {
			isa = PBXVariantGroup;
			children = (
				ECD37B9A27E2C3E8003DBD77 /* Base */,
			);
			name = Main.storyboard;
			sourceTree = "<group>";
		};
		ECD37B9E27E2C3EA003DBD77 /* LaunchScreen.storyboard */ = {
			isa = PBXVariantGroup;
			children = (
				ECD37B9F27E2C3EA003DBD77 /* Base */,
			);
			name = LaunchScreen.storyboard;
			sourceTree = "<group>";
		};
/* End PBXVariantGroup section */

/* Begin XCBuildConfiguration section */
		ECD37BA227E2C3EA003DBD77 /* Debug */ = {
			isa = XCBuildConfiguration;
			buildSettings = {
				ALWAYS_SEARCH_USER_PATHS = NO;
				CLANG_ANALYZER_NONNULL = YES;
				CLANG_ANALYZER_NUMBER_OBJECT_CONVERSION = YES_AGGRESSIVE;
				CLANG_CXX_LANGUAGE_STANDARD = "gnu++17";
				CLANG_CXX_LIBRARY = "libc++";
				CLANG_ENABLE_MODULES = YES;
				CLANG_ENABLE_OBJC_ARC = YES;
				CLANG_ENABLE_OBJC_WEAK = YES;
				CLANG_WARN_BLOCK_CAPTURE_AUTORELEASING = YES;
				CLANG_WARN_BOOL_CONVERSION = YES;
				CLANG_WARN_COMMA = YES;
				CLANG_WARN_CONSTANT_CONVERSION = YES;
				CLANG_WARN_DEPRECATED_OBJC_IMPLEMENTATIONS = YES;
				CLANG_WARN_DIRECT_OBJC_ISA_USAGE = YES_ERROR;
				CLANG_WARN_DOCUMENTATION_COMMENTS = YES;
				CLANG_WARN_EMPTY_BODY = YES;
				CLANG_WARN_ENUM_CONVERSION = YES;
				CLANG_WARN_INFINITE_RECURSION = YES;
				CLANG_WARN_INT_CONVERSION = YES;
				CLANG_WARN_NON_LITERAL_NULL_CONVERSION = YES;
				CLANG_WARN_OBJC_IMPLICIT_RETAIN_SELF = YES;
				CLANG_WARN_OBJC_LITERAL_CONVERSION = YES;
				CLANG_WARN_OBJC_ROOT_CLASS = YES_ERROR;
				CLANG_WARN_QUOTED_INCLUDE_IN_FRAMEWORK_HEADER = YES;
				CLANG_WARN_RANGE_LOOP_ANALYSIS = YES;
				CLANG_WARN_STRICT_PROTOTYPES = YES;
				CLANG_WARN_SUSPICIOUS_MOVE = YES;
				CLANG_WARN_UNGUARDED_AVAILABILITY = YES_AGGRESSIVE;
				CLANG_WARN_UNREACHABLE_CODE = YES;
				CLANG_WARN__DUPLICATE_METHOD_MATCH = YES;
				COPY_PHASE_STRIP = NO;
				DEBUG_INFORMATION_FORMAT = dwarf;
				ENABLE_STRICT_OBJC_MSGSEND = YES;
				ENABLE_TESTABILITY = YES;
				GCC_C_LANGUAGE_STANDARD = gnu11;
				GCC_DYNAMIC_NO_PIC = NO;
				GCC_NO_COMMON_BLOCKS = YES;
				GCC_OPTIMIZATION_LEVEL = 0;
				GCC_PREPROCESSOR_DEFINITIONS = (
					"DEBUG=1",
					"$(inherited)",
				);
				GCC_WARN_64_TO_32_BIT_CONVERSION = YES;
				GCC_WARN_ABOUT_RETURN_TYPE = YES_ERROR;
				GCC_WARN_UNDECLARED_SELECTOR = YES;
				GCC_WARN_UNINITIALIZED_AUTOS = YES_AGGRESSIVE;
				GCC_WARN_UNUSED_FUNCTION = YES;
				GCC_WARN_UNUSED_VARIABLE = YES;
				IPHONEOS_DEPLOYMENT_TARGET = 15.0;
				MTL_ENABLE_DEBUG_INFO = INCLUDE_SOURCE;
				MTL_FAST_MATH = YES;
				ONLY_ACTIVE_ARCH = YES;
				SDKROOT = iphoneos;
				SWIFT_ACTIVE_COMPILATION_CONDITIONS = DEBUG;
				SWIFT_OPTIMIZATION_LEVEL = "-Onone";
			};
			name = Debug;
		};
		ECD37BA327E2C3EA003DBD77 /* Release */ = {
			isa = XCBuildConfiguration;
			buildSettings = {
				ALWAYS_SEARCH_USER_PATHS = NO;
				CLANG_ANALYZER_NONNULL = YES;
				CLANG_ANALYZER_NUMBER_OBJECT_CONVERSION = YES_AGGRESSIVE;
				CLANG_CXX_LANGUAGE_STANDARD = "gnu++17";
				CLANG_CXX_LIBRARY = "libc++";
				CLANG_ENABLE_MODULES = YES;
				CLANG_ENABLE_OBJC_ARC = YES;
				CLANG_ENABLE_OBJC_WEAK = YES;
				CLANG_WARN_BLOCK_CAPTURE_AUTORELEASING = YES;
				CLANG_WARN_BOOL_CONVERSION = YES;
				CLANG_WARN_COMMA = YES;
				CLANG_WARN_CONSTANT_CONVERSION = YES;
				CLANG_WARN_DEPRECATED_OBJC_IMPLEMENTATIONS = YES;
				CLANG_WARN_DIRECT_OBJC_ISA_USAGE = YES_ERROR;
				CLANG_WARN_DOCUMENTATION_COMMENTS = YES;
				CLANG_WARN_EMPTY_BODY = YES;
				CLANG_WARN_ENUM_CONVERSION = YES;
				CLANG_WARN_INFINITE_RECURSION = YES;
				CLANG_WARN_INT_CONVERSION = YES;
				CLANG_WARN_NON_LITERAL_NULL_CONVERSION = YES;
				CLANG_WARN_OBJC_IMPLICIT_RETAIN_SELF = YES;
				CLANG_WARN_OBJC_LITERAL_CONVERSION = YES;
				CLANG_WARN_OBJC_ROOT_CLASS = YES_ERROR;
				CLANG_WARN_QUOTED_INCLUDE_IN_FRAMEWORK_HEADER = YES;
				CLANG_WARN_RANGE_LOOP_ANALYSIS = YES;
				CLANG_WARN_STRICT_PROTOTYPES = YES;
				CLANG_WARN_SUSPICIOUS_MOVE = YES;
				CLANG_WARN_UNGUARDED_AVAILABILITY = YES_AGGRESSIVE;
				CLANG_WARN_UNREACHABLE_CODE = YES;
				CLANG_WARN__DUPLICATE_METHOD_MATCH = YES;
				COPY_PHASE_STRIP = NO;
				DEBUG_INFORMATION_FORMAT = "dwarf-with-dsym";
				ENABLE_NS_ASSERTIONS = NO;
				ENABLE_STRICT_OBJC_MSGSEND = YES;
				GCC_C_LANGUAGE_STANDARD = gnu11;
				GCC_NO_COMMON_BLOCKS = YES;
				GCC_WARN_64_TO_32_BIT_CONVERSION = YES;
				GCC_WARN_ABOUT_RETURN_TYPE = YES_ERROR;
				GCC_WARN_UNDECLARED_SELECTOR = YES;
				GCC_WARN_UNINITIALIZED_AUTOS = YES_AGGRESSIVE;
				GCC_WARN_UNUSED_FUNCTION = YES;
				GCC_WARN_UNUSED_VARIABLE = YES;
				IPHONEOS_DEPLOYMENT_TARGET = 15.0;
				MTL_ENABLE_DEBUG_INFO = NO;
				MTL_FAST_MATH = YES;
				SDKROOT = iphoneos;
				SWIFT_COMPILATION_MODE = wholemodule;
				SWIFT_OPTIMIZATION_LEVEL = "-O";
				VALIDATE_PRODUCT = YES;
			};
			name = Release;
		};
		ECD37BA527E2C3EA003DBD77 /* Debug */ = {
			isa = XCBuildConfiguration;
			buildSettings = {
				ASSETCATALOG_COMPILER_APPICON_NAME = AppIcon;
				ASSETCATALOG_COMPILER_GLOBAL_ACCENT_COLOR_NAME = AccentColor;
				CODE_SIGN_STYLE = Automatic;
				CURRENT_PROJECT_VERSION = 1;
				DEVELOPMENT_TEAM = PM2865VY34;
				GENERATE_INFOPLIST_FILE = YES;
				INFOPLIST_FILE = fontable/Info.plist;
				INFOPLIST_KEY_UIApplicationSupportsIndirectInputEvents = YES;
				INFOPLIST_KEY_UILaunchStoryboardName = LaunchScreen;
				INFOPLIST_KEY_UIMainStoryboardFile = Main;
				INFOPLIST_KEY_UISupportedInterfaceOrientations_iPad = "UIInterfaceOrientationPortrait UIInterfaceOrientationPortraitUpsideDown UIInterfaceOrientationLandscapeLeft UIInterfaceOrientationLandscapeRight";
				INFOPLIST_KEY_UISupportedInterfaceOrientations_iPhone = "UIInterfaceOrientationPortrait UIInterfaceOrientationLandscapeLeft UIInterfaceOrientationLandscapeRight";
				LD_RUNPATH_SEARCH_PATHS = (
					"$(inherited)",
					"@executable_path/Frameworks",
				);
				MARKETING_VERSION = 1.0;
				PRODUCT_BUNDLE_IDENTIFIER = com.testfont.fontable;
				PRODUCT_NAME = "$(TARGET_NAME)";
				SWIFT_EMIT_LOC_STRINGS = YES;
				SWIFT_VERSION = 5.0;
				TARGETED_DEVICE_FAMILY = "1,2";
			};
			name = Debug;
		};
		ECD37BA627E2C3EA003DBD77 /* Release */ = {
			isa = XCBuildConfiguration;
			buildSettings = {
				ASSETCATALOG_COMPILER_APPICON_NAME = AppIcon;
				ASSETCATALOG_COMPILER_GLOBAL_ACCENT_COLOR_NAME = AccentColor;
				CODE_SIGN_STYLE = Automatic;
				CURRENT_PROJECT_VERSION = 1;
				DEVELOPMENT_TEAM = PM2865VY34;
				GENERATE_INFOPLIST_FILE = YES;
				INFOPLIST_FILE = fontable/Info.plist;
				INFOPLIST_KEY_UIApplicationSupportsIndirectInputEvents = YES;
				INFOPLIST_KEY_UILaunchStoryboardName = LaunchScreen;
				INFOPLIST_KEY_UIMainStoryboardFile = Main;
				INFOPLIST_KEY_UISupportedInterfaceOrientations_iPad = "UIInterfaceOrientationPortrait UIInterfaceOrientationPortraitUpsideDown UIInterfaceOrientationLandscapeLeft UIInterfaceOrientationLandscapeRight";
				INFOPLIST_KEY_UISupportedInterfaceOrientations_iPhone = "UIInterfaceOrientationPortrait UIInterfaceOrientationLandscapeLeft UIInterfaceOrientationLandscapeRight";
				LD_RUNPATH_SEARCH_PATHS = (
					"$(inherited)",
					"@executable_path/Frameworks",
				);
				MARKETING_VERSION = 1.0;
				PRODUCT_BUNDLE_IDENTIFIER = com.testfont.fontable;
				PRODUCT_NAME = "$(TARGET_NAME)";
				SWIFT_EMIT_LOC_STRINGS = YES;
				SWIFT_VERSION = 5.0;
				TARGETED_DEVICE_FAMILY = "1,2";
			};
			name = Release;
		};
/* End XCBuildConfiguration section */

/* Begin XCConfigurationList section */
		ECD37B8B27E2C3E8003DBD77 /* Build configuration list for PBXProject "fontable" */ = {
			isa = XCConfigurationList;
			buildConfigurations = (
				ECD37BA227E2C3EA003DBD77 /* Debug */,
				ECD37BA327E2C3EA003DBD77 /* Release */,
			);
			defaultConfigurationIsVisible = 0;
			defaultConfigurationName = Release;
		};
		ECD37BA427E2C3EA003DBD77 /* Build configuration list for PBXNativeTarget "fontable" */ = {
			isa = XCConfigurationList;
			buildConfigurations = (
				ECD37BA527E2C3EA003DBD77 /* Debug */,
				ECD37BA627E2C3EA003DBD77 /* Release */,
			);
			defaultConfigurationIsVisible = 0;
			defaultConfigurationName = Release;
		};
/* End XCConfigurationList section */

/* Begin XCVersionGroup section */
		EC523E4A27EB29D70022D688 /* Model.xcdatamodeld */ = {
			isa = XCVersionGroup;
			children = (
				EC523E4B27EB29D70022D688 /* Model.xcdatamodel */,
			);
			currentVersion = EC523E4B27EB29D70022D688 /* Model.xcdatamodel */;
			path = Model.xcdatamodeld;
			sourceTree = "<group>";
			versionGroupType = wrapper.xcdatamodel;
		};
/* End XCVersionGroup section */
	};
	rootObject = ECD37B8827E2C3E8003DBD77 /* Project object */;
}
